// !$*UTF8*$!
{
	archiveVersion = 1;
	classes = {
	};
	objectVersion = 56;
	objects = {

/* Begin PBXBuildFile section */
		3F91112F2A0D0C1800662DF5 /* AudioExerciseView.swift in Sources */ = {isa = PBXBuildFile; fileRef = 3F91112E2A0D0C1800662DF5 /* AudioExerciseView.swift */; };
		D10831CE2A0B88F1004E3BAF /* GoogleService-Info.plist in Resources */ = {isa = PBXBuildFile; fileRef = D10831CD2A0B88F1004E3BAF /* GoogleService-Info.plist */; };
		D10831D12A0B89C6004E3BAF /* FirebaseAuth in Frameworks */ = {isa = PBXBuildFile; productRef = D10831D02A0B89C6004E3BAF /* FirebaseAuth */; };
		D10831D32A0B89C6004E3BAF /* FirebaseAuthCombine-Community in Frameworks */ = {isa = PBXBuildFile; productRef = D10831D22A0B89C6004E3BAF /* FirebaseAuthCombine-Community */; };
		D10831D52A0B89C6004E3BAF /* FirebaseCrashlytics in Frameworks */ = {isa = PBXBuildFile; productRef = D10831D42A0B89C6004E3BAF /* FirebaseCrashlytics */; };
		D10831D72A0B89C6004E3BAF /* FirebaseDatabase in Frameworks */ = {isa = PBXBuildFile; productRef = D10831D62A0B89C6004E3BAF /* FirebaseDatabase */; };
		D10831D92A0B89C6004E3BAF /* FirebaseDatabaseSwift in Frameworks */ = {isa = PBXBuildFile; productRef = D10831D82A0B89C6004E3BAF /* FirebaseDatabaseSwift */; };
		D10831DB2A0B89C7004E3BAF /* FirebaseDynamicLinks in Frameworks */ = {isa = PBXBuildFile; productRef = D10831DA2A0B89C7004E3BAF /* FirebaseDynamicLinks */; };
		D10831DD2A0B89C7004E3BAF /* FirebaseFirestore in Frameworks */ = {isa = PBXBuildFile; productRef = D10831DC2A0B89C7004E3BAF /* FirebaseFirestore */; };
		D10831DF2A0B89C7004E3BAF /* FirebaseFirestoreCombine-Community in Frameworks */ = {isa = PBXBuildFile; productRef = D10831DE2A0B89C7004E3BAF /* FirebaseFirestoreCombine-Community */; };
		D10831E12A0B89C7004E3BAF /* FirebaseFirestoreSwift in Frameworks */ = {isa = PBXBuildFile; productRef = D10831E02A0B89C7004E3BAF /* FirebaseFirestoreSwift */; };
		D10831E32A0B89C7004E3BAF /* FirebaseFunctions in Frameworks */ = {isa = PBXBuildFile; productRef = D10831E22A0B89C7004E3BAF /* FirebaseFunctions */; };
		D10831E52A0B89C7004E3BAF /* FirebaseFunctionsCombine-Community in Frameworks */ = {isa = PBXBuildFile; productRef = D10831E42A0B89C7004E3BAF /* FirebaseFunctionsCombine-Community */; };
		D10831E72A0B89C7004E3BAF /* FirebaseInAppMessaging-Beta in Frameworks */ = {isa = PBXBuildFile; productRef = D10831E62A0B89C7004E3BAF /* FirebaseInAppMessaging-Beta */; };
		D10831E92A0B89C7004E3BAF /* FirebaseInAppMessagingSwift-Beta in Frameworks */ = {isa = PBXBuildFile; productRef = D10831E82A0B89C7004E3BAF /* FirebaseInAppMessagingSwift-Beta */; };
		D10831EB2A0B89C7004E3BAF /* FirebaseInstallations in Frameworks */ = {isa = PBXBuildFile; productRef = D10831EA2A0B89C7004E3BAF /* FirebaseInstallations */; };
		D10831ED2A0B89C7004E3BAF /* FirebaseMessaging in Frameworks */ = {isa = PBXBuildFile; productRef = D10831EC2A0B89C7004E3BAF /* FirebaseMessaging */; };
		D10831EF2A0B89C7004E3BAF /* FirebasePerformance in Frameworks */ = {isa = PBXBuildFile; productRef = D10831EE2A0B89C7004E3BAF /* FirebasePerformance */; };
		D10831F12A0B89C7004E3BAF /* FirebaseRemoteConfig in Frameworks */ = {isa = PBXBuildFile; productRef = D10831F02A0B89C7004E3BAF /* FirebaseRemoteConfig */; };
		D10831F32A0B89C7004E3BAF /* FirebaseRemoteConfigSwift in Frameworks */ = {isa = PBXBuildFile; productRef = D10831F22A0B89C7004E3BAF /* FirebaseRemoteConfigSwift */; };
		D10831F52A0B89C7004E3BAF /* FirebaseStorage in Frameworks */ = {isa = PBXBuildFile; productRef = D10831F42A0B89C7004E3BAF /* FirebaseStorage */; };
		D10832042A0BC584004E3BAF /* LoginView.swift in Sources */ = {isa = PBXBuildFile; fileRef = D10832032A0BC584004E3BAF /* LoginView.swift */; };
		D10832062A0BC6F2004E3BAF /* InputView.swift in Sources */ = {isa = PBXBuildFile; fileRef = D10832052A0BC6F2004E3BAF /* InputView.swift */; };
		D10832082A0BC970004E3BAF /* RegistrationView.swift in Sources */ = {isa = PBXBuildFile; fileRef = D10832072A0BC970004E3BAF /* RegistrationView.swift */; };
		D108320A2A0BCB00004E3BAF /* ProfileView.swift in Sources */ = {isa = PBXBuildFile; fileRef = D10832092A0BCB00004E3BAF /* ProfileView.swift */; };
		D108320C2A0BCBA5004E3BAF /* SettingsRowView.swift in Sources */ = {isa = PBXBuildFile; fileRef = D108320B2A0BCBA5004E3BAF /* SettingsRowView.swift */; };
		D108320E2A0BCD40004E3BAF /* User.swift in Sources */ = {isa = PBXBuildFile; fileRef = D108320D2A0BCD40004E3BAF /* User.swift */; };
		D10832122A0BD6B1004E3BAF /* AuthViewModel.swift in Sources */ = {isa = PBXBuildFile; fileRef = D10832112A0BD6B1004E3BAF /* AuthViewModel.swift */; };
		D10832152A0BF2DE004E3BAF /* ScaffoldView.swift in Sources */ = {isa = PBXBuildFile; fileRef = D10832142A0BF2DE004E3BAF /* ScaffoldView.swift */; };
		D10832182A0BF384004E3BAF /* ExercisesView.swift in Sources */ = {isa = PBXBuildFile; fileRef = D10832172A0BF384004E3BAF /* ExercisesView.swift */; };
		D108321A2A0BF644004E3BAF /* ExerciseCardView.swift in Sources */ = {isa = PBXBuildFile; fileRef = D10832192A0BF644004E3BAF /* ExerciseCardView.swift */; };
		D108321C2A0C0974004E3BAF /* BreatheExerciseView.swift in Sources */ = {isa = PBXBuildFile; fileRef = D108321B2A0C0974004E3BAF /* BreatheExerciseView.swift */; };
		D140A3F62A095451009997D4 /* MeditationApp.swift in Sources */ = {isa = PBXBuildFile; fileRef = D140A3F52A095451009997D4 /* MeditationApp.swift */; };
		D140A3F82A095451009997D4 /* ContentView.swift in Sources */ = {isa = PBXBuildFile; fileRef = D140A3F72A095451009997D4 /* ContentView.swift */; };
		D140A3FA2A095454009997D4 /* Assets.xcassets in Resources */ = {isa = PBXBuildFile; fileRef = D140A3F92A095454009997D4 /* Assets.xcassets */; };
		D140A3FD2A095454009997D4 /* Preview Assets.xcassets in Resources */ = {isa = PBXBuildFile; fileRef = D140A3FC2A095454009997D4 /* Preview Assets.xcassets */; };
/* End PBXBuildFile section */

/* Begin PBXFileReference section */
		3F91112E2A0D0C1800662DF5 /* AudioExerciseView.swift */ = {isa = PBXFileReference; lastKnownFileType = sourcecode.swift; path = AudioExerciseView.swift; sourceTree = "<group>"; };
		D10831CD2A0B88F1004E3BAF /* GoogleService-Info.plist */ = {isa = PBXFileReference; fileEncoding = 4; lastKnownFileType = text.plist.xml; name = "GoogleService-Info.plist"; path = "../../../../../../Downloads/GoogleService-Info.plist"; sourceTree = "<group>"; };
		D10832032A0BC584004E3BAF /* LoginView.swift */ = {isa = PBXFileReference; lastKnownFileType = sourcecode.swift; path = LoginView.swift; sourceTree = "<group>"; };
		D10832052A0BC6F2004E3BAF /* InputView.swift */ = {isa = PBXFileReference; lastKnownFileType = sourcecode.swift; path = InputView.swift; sourceTree = "<group>"; };
		D10832072A0BC970004E3BAF /* RegistrationView.swift */ = {isa = PBXFileReference; lastKnownFileType = sourcecode.swift; path = RegistrationView.swift; sourceTree = "<group>"; };
		D10832092A0BCB00004E3BAF /* ProfileView.swift */ = {isa = PBXFileReference; lastKnownFileType = sourcecode.swift; path = ProfileView.swift; sourceTree = "<group>"; };
		D108320B2A0BCBA5004E3BAF /* SettingsRowView.swift */ = {isa = PBXFileReference; lastKnownFileType = sourcecode.swift; path = SettingsRowView.swift; sourceTree = "<group>"; };
		D108320D2A0BCD40004E3BAF /* User.swift */ = {isa = PBXFileReference; lastKnownFileType = sourcecode.swift; path = User.swift; sourceTree = "<group>"; };
		D10832112A0BD6B1004E3BAF /* AuthViewModel.swift */ = {isa = PBXFileReference; lastKnownFileType = sourcecode.swift; path = AuthViewModel.swift; sourceTree = "<group>"; };
		D10832142A0BF2DE004E3BAF /* ScaffoldView.swift */ = {isa = PBXFileReference; lastKnownFileType = sourcecode.swift; path = ScaffoldView.swift; sourceTree = "<group>"; };
		D10832172A0BF384004E3BAF /* ExercisesView.swift */ = {isa = PBXFileReference; lastKnownFileType = sourcecode.swift; path = ExercisesView.swift; sourceTree = "<group>"; };
		D10832192A0BF644004E3BAF /* ExerciseCardView.swift */ = {isa = PBXFileReference; lastKnownFileType = sourcecode.swift; path = ExerciseCardView.swift; sourceTree = "<group>"; };
		D108321B2A0C0974004E3BAF /* BreatheExerciseView.swift */ = {isa = PBXFileReference; lastKnownFileType = sourcecode.swift; path = BreatheExerciseView.swift; sourceTree = "<group>"; };
		D140A3F22A095451009997D4 /* MeditationApp.app */ = {isa = PBXFileReference; explicitFileType = wrapper.application; includeInIndex = 0; path = MeditationApp.app; sourceTree = BUILT_PRODUCTS_DIR; };
		D140A3F52A095451009997D4 /* MeditationApp.swift */ = {isa = PBXFileReference; lastKnownFileType = sourcecode.swift; path = MeditationApp.swift; sourceTree = "<group>"; };
		D140A3F72A095451009997D4 /* ContentView.swift */ = {isa = PBXFileReference; lastKnownFileType = sourcecode.swift; path = ContentView.swift; sourceTree = "<group>"; };
		D140A3F92A095454009997D4 /* Assets.xcassets */ = {isa = PBXFileReference; lastKnownFileType = folder.assetcatalog; path = Assets.xcassets; sourceTree = "<group>"; };
		D140A3FC2A095454009997D4 /* Preview Assets.xcassets */ = {isa = PBXFileReference; lastKnownFileType = folder.assetcatalog; path = "Preview Assets.xcassets"; sourceTree = "<group>"; };
/* End PBXFileReference section */

/* Begin PBXFrameworksBuildPhase section */
		D140A3EF2A095451009997D4 /* Frameworks */ = {
			isa = PBXFrameworksBuildPhase;
			buildActionMask = 2147483647;
			files = (
				D10831D92A0B89C6004E3BAF /* FirebaseDatabaseSwift in Frameworks */,
				D10831EB2A0B89C7004E3BAF /* FirebaseInstallations in Frameworks */,
				D10831DF2A0B89C7004E3BAF /* FirebaseFirestoreCombine-Community in Frameworks */,
				D10831F32A0B89C7004E3BAF /* FirebaseRemoteConfigSwift in Frameworks */,
				D10831D52A0B89C6004E3BAF /* FirebaseCrashlytics in Frameworks */,
				D10831F12A0B89C7004E3BAF /* FirebaseRemoteConfig in Frameworks */,
				D10831D12A0B89C6004E3BAF /* FirebaseAuth in Frameworks */,
				D10831D72A0B89C6004E3BAF /* FirebaseDatabase in Frameworks */,
				D10831EF2A0B89C7004E3BAF /* FirebasePerformance in Frameworks */,
				D10831F52A0B89C7004E3BAF /* FirebaseStorage in Frameworks */,
				D10831D32A0B89C6004E3BAF /* FirebaseAuthCombine-Community in Frameworks */,
				D10831DB2A0B89C7004E3BAF /* FirebaseDynamicLinks in Frameworks */,
				D10831E32A0B89C7004E3BAF /* FirebaseFunctions in Frameworks */,
				D10831E92A0B89C7004E3BAF /* FirebaseInAppMessagingSwift-Beta in Frameworks */,
				D10831DD2A0B89C7004E3BAF /* FirebaseFirestore in Frameworks */,
				D10831E52A0B89C7004E3BAF /* FirebaseFunctionsCombine-Community in Frameworks */,
				D10831ED2A0B89C7004E3BAF /* FirebaseMessaging in Frameworks */,
				D10831E12A0B89C7004E3BAF /* FirebaseFirestoreSwift in Frameworks */,
				D10831E72A0B89C7004E3BAF /* FirebaseInAppMessaging-Beta in Frameworks */,
			);
			runOnlyForDeploymentPostprocessing = 0;
		};
/* End PBXFrameworksBuildPhase section */

/* Begin PBXGroup section */
		D10831FC2A0BC520004E3BAF /* App */ = {
			isa = PBXGroup;
			children = (
				D140A3F52A095451009997D4 /* MeditationApp.swift */,
			);
			path = App;
			sourceTree = "<group>";
		};
		D10831FD2A0BC525004E3BAF /* Components */ = {
			isa = PBXGroup;
			children = (
				D10832052A0BC6F2004E3BAF /* InputView.swift */,
				D108320B2A0BCBA5004E3BAF /* SettingsRowView.swift */,
				D10832192A0BF644004E3BAF /* ExerciseCardView.swift */,
			);
			path = Components;
			sourceTree = "<group>";
		};
		D10831FE2A0BC52A004E3BAF /* Core */ = {
			isa = PBXGroup;
			children = (
				D10832162A0BF375004E3BAF /* Exercises */,
				D10832132A0BF2C7004E3BAF /* Scaffold */,
				D10832022A0BC56A004E3BAF /* Profile */,
				D10832012A0BC560004E3BAF /* Authentication */,
				D10832002A0BC550004E3BAF /* Root */,
			);
			path = Core;
			sourceTree = "<group>";
		};
		D10831FF2A0BC52E004E3BAF /* Model */ = {
			isa = PBXGroup;
			children = (
				D108320D2A0BCD40004E3BAF /* User.swift */,
			);
			path = Model;
			sourceTree = "<group>";
		};
		D10832002A0BC550004E3BAF /* Root */ = {
			isa = PBXGroup;
			children = (
				D140A3F72A095451009997D4 /* ContentView.swift */,
			);
			path = Root;
			sourceTree = "<group>";
		};
		D10832012A0BC560004E3BAF /* Authentication */ = {
			isa = PBXGroup;
			children = (
				D10832102A0BD6A2004E3BAF /* ViewModel */,
				D108320F2A0BD697004E3BAF /* View */,
			);
			path = Authentication;
			sourceTree = "<group>";
		};
		D10832022A0BC56A004E3BAF /* Profile */ = {
			isa = PBXGroup;
			children = (
				D10832092A0BCB00004E3BAF /* ProfileView.swift */,
			);
			path = Profile;
			sourceTree = "<group>";
		};
		D108320F2A0BD697004E3BAF /* View */ = {
			isa = PBXGroup;
			children = (
				D10832032A0BC584004E3BAF /* LoginView.swift */,
				D10832072A0BC970004E3BAF /* RegistrationView.swift */,
			);
			path = View;
			sourceTree = "<group>";
		};
		D10832102A0BD6A2004E3BAF /* ViewModel */ = {
			isa = PBXGroup;
			children = (
				D10832112A0BD6B1004E3BAF /* AuthViewModel.swift */,
			);
			path = ViewModel;
			sourceTree = "<group>";
		};
		D10832132A0BF2C7004E3BAF /* Scaffold */ = {
			isa = PBXGroup;
			children = (
				D10832142A0BF2DE004E3BAF /* ScaffoldView.swift */,
			);
			path = Scaffold;
			sourceTree = "<group>";
		};
		D10832162A0BF375004E3BAF /* Exercises */ = {
			isa = PBXGroup;
			children = (
				D10832172A0BF384004E3BAF /* ExercisesView.swift */,
				D108321B2A0C0974004E3BAF /* BreatheExerciseView.swift */,
				3F91112E2A0D0C1800662DF5 /* AudioExerciseView.swift */,
			);
			path = Exercises;
			sourceTree = "<group>";
		};
		D140A3E92A095451009997D4 = {
			isa = PBXGroup;
			children = (
				D140A3F42A095451009997D4 /* MeditationApp */,
				D140A3F32A095451009997D4 /* Products */,
			);
			sourceTree = "<group>";
		};
		D140A3F32A095451009997D4 /* Products */ = {
			isa = PBXGroup;
			children = (
				D140A3F22A095451009997D4 /* MeditationApp.app */,
			);
			name = Products;
			sourceTree = "<group>";
		};
		D140A3F42A095451009997D4 /* MeditationApp */ = {
			isa = PBXGroup;
			children = (
				D10831FC2A0BC520004E3BAF /* App */,
				D10831FD2A0BC525004E3BAF /* Components */,
				D10831FF2A0BC52E004E3BAF /* Model */,
				D10831FE2A0BC52A004E3BAF /* Core */,
				D140A3F92A095454009997D4 /* Assets.xcassets */,
				D140A3FB2A095454009997D4 /* Preview Content */,
			);
			path = MeditationApp;
			sourceTree = "<group>";
		};
		D140A3FB2A095454009997D4 /* Preview Content */ = {
			isa = PBXGroup;
			children = (
				D10831CD2A0B88F1004E3BAF /* GoogleService-Info.plist */,
				D140A3FC2A095454009997D4 /* Preview Assets.xcassets */,
			);
			path = "Preview Content";
			sourceTree = "<group>";
		};
/* End PBXGroup section */

/* Begin PBXNativeTarget section */
		D140A3F12A095451009997D4 /* MeditationApp */ = {
			isa = PBXNativeTarget;
			buildConfigurationList = D140A4002A095454009997D4 /* Build configuration list for PBXNativeTarget "MeditationApp" */;
			buildPhases = (
				D140A3EE2A095451009997D4 /* Sources */,
				D140A3EF2A095451009997D4 /* Frameworks */,
				D140A3F02A095451009997D4 /* Resources */,
			);
			buildRules = (
			);
			dependencies = (
			);
			name = MeditationApp;
			packageProductDependencies = (
				D10831D02A0B89C6004E3BAF /* FirebaseAuth */,
				D10831D22A0B89C6004E3BAF /* FirebaseAuthCombine-Community */,
				D10831D42A0B89C6004E3BAF /* FirebaseCrashlytics */,
				D10831D62A0B89C6004E3BAF /* FirebaseDatabase */,
				D10831D82A0B89C6004E3BAF /* FirebaseDatabaseSwift */,
				D10831DA2A0B89C7004E3BAF /* FirebaseDynamicLinks */,
				D10831DC2A0B89C7004E3BAF /* FirebaseFirestore */,
				D10831DE2A0B89C7004E3BAF /* FirebaseFirestoreCombine-Community */,
				D10831E02A0B89C7004E3BAF /* FirebaseFirestoreSwift */,
				D10831E22A0B89C7004E3BAF /* FirebaseFunctions */,
				D10831E42A0B89C7004E3BAF /* FirebaseFunctionsCombine-Community */,
				D10831E62A0B89C7004E3BAF /* FirebaseInAppMessaging-Beta */,
				D10831E82A0B89C7004E3BAF /* FirebaseInAppMessagingSwift-Beta */,
				D10831EA2A0B89C7004E3BAF /* FirebaseInstallations */,
				D10831EC2A0B89C7004E3BAF /* FirebaseMessaging */,
				D10831EE2A0B89C7004E3BAF /* FirebasePerformance */,
				D10831F02A0B89C7004E3BAF /* FirebaseRemoteConfig */,
				D10831F22A0B89C7004E3BAF /* FirebaseRemoteConfigSwift */,
				D10831F42A0B89C7004E3BAF /* FirebaseStorage */,
			);
			productName = MeditationApp;
			productReference = D140A3F22A095451009997D4 /* MeditationApp.app */;
			productType = "com.apple.product-type.application";
		};
/* End PBXNativeTarget section */

/* Begin PBXProject section */
		D140A3EA2A095451009997D4 /* Project object */ = {
			isa = PBXProject;
			attributes = {
				BuildIndependentTargetsInParallel = 1;
				LastSwiftUpdateCheck = 1410;
				LastUpgradeCheck = 1410;
				TargetAttributes = {
					D140A3F12A095451009997D4 = {
						CreatedOnToolsVersion = 14.1;
					};
				};
			};
			buildConfigurationList = D140A3ED2A095451009997D4 /* Build configuration list for PBXProject "MeditationApp" */;
			compatibilityVersion = "Xcode 14.0";
			developmentRegion = en;
			hasScannedForEncodings = 0;
			knownRegions = (
				en,
				Base,
			);
			mainGroup = D140A3E92A095451009997D4;
			packageReferences = (
				D10831CF2A0B89C6004E3BAF /* XCRemoteSwiftPackageReference "firebase-ios-sdk" */,
			);
			productRefGroup = D140A3F32A095451009997D4 /* Products */;
			projectDirPath = "";
			projectRoot = "";
			targets = (
				D140A3F12A095451009997D4 /* MeditationApp */,
			);
		};
/* End PBXProject section */

/* Begin PBXResourcesBuildPhase section */
		D140A3F02A095451009997D4 /* Resources */ = {
			isa = PBXResourcesBuildPhase;
			buildActionMask = 2147483647;
			files = (
				D140A3FD2A095454009997D4 /* Preview Assets.xcassets in Resources */,
				D140A3FA2A095454009997D4 /* Assets.xcassets in Resources */,
				D10831CE2A0B88F1004E3BAF /* GoogleService-Info.plist in Resources */,
			);
			runOnlyForDeploymentPostprocessing = 0;
		};
/* End PBXResourcesBuildPhase section */

/* Begin PBXSourcesBuildPhase section */
		D140A3EE2A095451009997D4 /* Sources */ = {
			isa = PBXSourcesBuildPhase;
			buildActionMask = 2147483647;
			files = (
				D10832042A0BC584004E3BAF /* LoginView.swift in Sources */,
				D10832182A0BF384004E3BAF /* ExercisesView.swift in Sources */,
				D108321A2A0BF644004E3BAF /* ExerciseCardView.swift in Sources */,
				D10832062A0BC6F2004E3BAF /* InputView.swift in Sources */,
				D10832152A0BF2DE004E3BAF /* ScaffoldView.swift in Sources */,
				3F91112F2A0D0C1800662DF5 /* AudioExerciseView.swift in Sources */,
				D140A3F82A095451009997D4 /* ContentView.swift in Sources */,
				D140A3F62A095451009997D4 /* MeditationApp.swift in Sources */,
				D108320E2A0BCD40004E3BAF /* User.swift in Sources */,
				D108321C2A0C0974004E3BAF /* BreatheExerciseView.swift in Sources */,
				D108320A2A0BCB00004E3BAF /* ProfileView.swift in Sources */,
				D10832082A0BC970004E3BAF /* RegistrationView.swift in Sources */,
				D108320C2A0BCBA5004E3BAF /* SettingsRowView.swift in Sources */,
				D10832122A0BD6B1004E3BAF /* AuthViewModel.swift in Sources */,
			);
			runOnlyForDeploymentPostprocessing = 0;
		};
/* End PBXSourcesBuildPhase section */

/* Begin XCBuildConfiguration section */
		D140A3FE2A095454009997D4 /* Debug */ = {
			isa = XCBuildConfiguration;
			buildSettings = {
				ALWAYS_SEARCH_USER_PATHS = NO;
				CLANG_ANALYZER_NONNULL = YES;
				CLANG_ANALYZER_NUMBER_OBJECT_CONVERSION = YES_AGGRESSIVE;
				CLANG_CXX_LANGUAGE_STANDARD = "gnu++20";
				CLANG_ENABLE_MODULES = YES;
				CLANG_ENABLE_OBJC_ARC = YES;
				CLANG_ENABLE_OBJC_WEAK = YES;
				CLANG_WARN_BLOCK_CAPTURE_AUTORELEASING = YES;
				CLANG_WARN_BOOL_CONVERSION = YES;
				CLANG_WARN_COMMA = YES;
				CLANG_WARN_CONSTANT_CONVERSION = YES;
				CLANG_WARN_DEPRECATED_OBJC_IMPLEMENTATIONS = YES;
				CLANG_WARN_DIRECT_OBJC_ISA_USAGE = YES_ERROR;
				CLANG_WARN_DOCUMENTATION_COMMENTS = YES;
				CLANG_WARN_EMPTY_BODY = YES;
				CLANG_WARN_ENUM_CONVERSION = YES;
				CLANG_WARN_INFINITE_RECURSION = YES;
				CLANG_WARN_INT_CONVERSION = YES;
				CLANG_WARN_NON_LITERAL_NULL_CONVERSION = YES;
				CLANG_WARN_OBJC_IMPLICIT_RETAIN_SELF = YES;
				CLANG_WARN_OBJC_LITERAL_CONVERSION = YES;
				CLANG_WARN_OBJC_ROOT_CLASS = YES_ERROR;
				CLANG_WARN_QUOTED_INCLUDE_IN_FRAMEWORK_HEADER = YES;
				CLANG_WARN_RANGE_LOOP_ANALYSIS = YES;
				CLANG_WARN_STRICT_PROTOTYPES = YES;
				CLANG_WARN_SUSPICIOUS_MOVE = YES;
				CLANG_WARN_UNGUARDED_AVAILABILITY = YES_AGGRESSIVE;
				CLANG_WARN_UNREACHABLE_CODE = YES;
				CLANG_WARN__DUPLICATE_METHOD_MATCH = YES;
				COPY_PHASE_STRIP = NO;
				DEBUG_INFORMATION_FORMAT = dwarf;
				ENABLE_STRICT_OBJC_MSGSEND = YES;
				ENABLE_TESTABILITY = YES;
				GCC_C_LANGUAGE_STANDARD = gnu11;
				GCC_DYNAMIC_NO_PIC = NO;
				GCC_NO_COMMON_BLOCKS = YES;
				GCC_OPTIMIZATION_LEVEL = 0;
				GCC_PREPROCESSOR_DEFINITIONS = (
					"DEBUG=1",
					"$(inherited)",
				);
				GCC_WARN_64_TO_32_BIT_CONVERSION = YES;
				GCC_WARN_ABOUT_RETURN_TYPE = YES_ERROR;
				GCC_WARN_UNDECLARED_SELECTOR = YES;
				GCC_WARN_UNINITIALIZED_AUTOS = YES_AGGRESSIVE;
				GCC_WARN_UNUSED_FUNCTION = YES;
				GCC_WARN_UNUSED_VARIABLE = YES;
				IPHONEOS_DEPLOYMENT_TARGET = 16.1;
				MTL_ENABLE_DEBUG_INFO = INCLUDE_SOURCE;
				MTL_FAST_MATH = YES;
				ONLY_ACTIVE_ARCH = YES;
				SDKROOT = iphoneos;
				SWIFT_ACTIVE_COMPILATION_CONDITIONS = DEBUG;
				SWIFT_OPTIMIZATION_LEVEL = "-Onone";
			};
			name = Debug;
		};
		D140A3FF2A095454009997D4 /* Release */ = {
			isa = XCBuildConfiguration;
			buildSettings = {
				ALWAYS_SEARCH_USER_PATHS = NO;
				CLANG_ANALYZER_NONNULL = YES;
				CLANG_ANALYZER_NUMBER_OBJECT_CONVERSION = YES_AGGRESSIVE;
				CLANG_CXX_LANGUAGE_STANDARD = "gnu++20";
				CLANG_ENABLE_MODULES = YES;
				CLANG_ENABLE_OBJC_ARC = YES;
				CLANG_ENABLE_OBJC_WEAK = YES;
				CLANG_WARN_BLOCK_CAPTURE_AUTORELEASING = YES;
				CLANG_WARN_BOOL_CONVERSION = YES;
				CLANG_WARN_COMMA = YES;
				CLANG_WARN_CONSTANT_CONVERSION = YES;
				CLANG_WARN_DEPRECATED_OBJC_IMPLEMENTATIONS = YES;
				CLANG_WARN_DIRECT_OBJC_ISA_USAGE = YES_ERROR;
				CLANG_WARN_DOCUMENTATION_COMMENTS = YES;
				CLANG_WARN_EMPTY_BODY = YES;
				CLANG_WARN_ENUM_CONVERSION = YES;
				CLANG_WARN_INFINITE_RECURSION = YES;
				CLANG_WARN_INT_CONVERSION = YES;
				CLANG_WARN_NON_LITERAL_NULL_CONVERSION = YES;
				CLANG_WARN_OBJC_IMPLICIT_RETAIN_SELF = YES;
				CLANG_WARN_OBJC_LITERAL_CONVERSION = YES;
				CLANG_WARN_OBJC_ROOT_CLASS = YES_ERROR;
				CLANG_WARN_QUOTED_INCLUDE_IN_FRAMEWORK_HEADER = YES;
				CLANG_WARN_RANGE_LOOP_ANALYSIS = YES;
				CLANG_WARN_STRICT_PROTOTYPES = YES;
				CLANG_WARN_SUSPICIOUS_MOVE = YES;
				CLANG_WARN_UNGUARDED_AVAILABILITY = YES_AGGRESSIVE;
				CLANG_WARN_UNREACHABLE_CODE = YES;
				CLANG_WARN__DUPLICATE_METHOD_MATCH = YES;
				COPY_PHASE_STRIP = NO;
				DEBUG_INFORMATION_FORMAT = "dwarf-with-dsym";
				ENABLE_NS_ASSERTIONS = NO;
				ENABLE_STRICT_OBJC_MSGSEND = YES;
				GCC_C_LANGUAGE_STANDARD = gnu11;
				GCC_NO_COMMON_BLOCKS = YES;
				GCC_WARN_64_TO_32_BIT_CONVERSION = YES;
				GCC_WARN_ABOUT_RETURN_TYPE = YES_ERROR;
				GCC_WARN_UNDECLARED_SELECTOR = YES;
				GCC_WARN_UNINITIALIZED_AUTOS = YES_AGGRESSIVE;
				GCC_WARN_UNUSED_FUNCTION = YES;
				GCC_WARN_UNUSED_VARIABLE = YES;
				IPHONEOS_DEPLOYMENT_TARGET = 16.1;
				MTL_ENABLE_DEBUG_INFO = NO;
				MTL_FAST_MATH = YES;
				SDKROOT = iphoneos;
				SWIFT_COMPILATION_MODE = wholemodule;
				SWIFT_OPTIMIZATION_LEVEL = "-O";
				VALIDATE_PRODUCT = YES;
			};
			name = Release;
		};
		D140A4012A095454009997D4 /* Debug */ = {
			isa = XCBuildConfiguration;
			buildSettings = {
				ASSETCATALOG_COMPILER_APPICON_NAME = AppIcon;
				ASSETCATALOG_COMPILER_GLOBAL_ACCENT_COLOR_NAME = AccentColor;
				CODE_SIGN_STYLE = Automatic;
				CURRENT_PROJECT_VERSION = 1;
				DEVELOPMENT_ASSET_PATHS = "\"MeditationApp/Preview Content\"";
				ENABLE_PREVIEWS = YES;
				GENERATE_INFOPLIST_FILE = YES;
				INFOPLIST_KEY_UIApplicationSceneManifest_Generation = YES;
				INFOPLIST_KEY_UIApplicationSupportsIndirectInputEvents = YES;
				INFOPLIST_KEY_UILaunchScreen_Generation = YES;
				INFOPLIST_KEY_UISupportedInterfaceOrientations_iPad = "UIInterfaceOrientationPortrait UIInterfaceOrientationPortraitUpsideDown UIInterfaceOrientationLandscapeLeft UIInterfaceOrientationLandscapeRight";
				INFOPLIST_KEY_UISupportedInterfaceOrientations_iPhone = "UIInterfaceOrientationPortrait UIInterfaceOrientationLandscapeLeft UIInterfaceOrientationLandscapeRight";
				LD_RUNPATH_SEARCH_PATHS = (
					"$(inherited)",
					"@executable_path/Frameworks",
				);
				MARKETING_VERSION = 1.0;
				PRODUCT_BUNDLE_IDENTIFIER = com.unibuc.MeditationApp;
				PRODUCT_NAME = "$(TARGET_NAME)";
				SWIFT_EMIT_LOC_STRINGS = YES;
				SWIFT_VERSION = 5.0;
				TARGETED_DEVICE_FAMILY = "1,2";
			};
			name = Debug;
		};
		D140A4022A095454009997D4 /* Release */ = {
			isa = XCBuildConfiguration;
			buildSettings = {
				ASSETCATALOG_COMPILER_APPICON_NAME = AppIcon;
				ASSETCATALOG_COMPILER_GLOBAL_ACCENT_COLOR_NAME = AccentColor;
				CODE_SIGN_STYLE = Automatic;
				CURRENT_PROJECT_VERSION = 1;
				DEVELOPMENT_ASSET_PATHS = "\"MeditationApp/Preview Content\"";
				ENABLE_PREVIEWS = YES;
				GENERATE_INFOPLIST_FILE = YES;
				INFOPLIST_KEY_UIApplicationSceneManifest_Generation = YES;
				INFOPLIST_KEY_UIApplicationSupportsIndirectInputEvents = YES;
				INFOPLIST_KEY_UILaunchScreen_Generation = YES;
				INFOPLIST_KEY_UISupportedInterfaceOrientations_iPad = "UIInterfaceOrientationPortrait UIInterfaceOrientationPortraitUpsideDown UIInterfaceOrientationLandscapeLeft UIInterfaceOrientationLandscapeRight";
				INFOPLIST_KEY_UISupportedInterfaceOrientations_iPhone = "UIInterfaceOrientationPortrait UIInterfaceOrientationLandscapeLeft UIInterfaceOrientationLandscapeRight";
				LD_RUNPATH_SEARCH_PATHS = (
					"$(inherited)",
					"@executable_path/Frameworks",
				);
				MARKETING_VERSION = 1.0;
				PRODUCT_BUNDLE_IDENTIFIER = com.unibuc.MeditationApp;
				PRODUCT_NAME = "$(TARGET_NAME)";
				SWIFT_EMIT_LOC_STRINGS = YES;
				SWIFT_VERSION = 5.0;
				TARGETED_DEVICE_FAMILY = "1,2";
			};
			name = Release;
		};
/* End XCBuildConfiguration section */

/* Begin XCConfigurationList section */
		D140A3ED2A095451009997D4 /* Build configuration list for PBXProject "MeditationApp" */ = {
			isa = XCConfigurationList;
			buildConfigurations = (
				D140A3FE2A095454009997D4 /* Debug */,
				D140A3FF2A095454009997D4 /* Release */,
			);
			defaultConfigurationIsVisible = 0;
			defaultConfigurationName = Release;
		};
		D140A4002A095454009997D4 /* Build configuration list for PBXNativeTarget "MeditationApp" */ = {
			isa = XCConfigurationList;
			buildConfigurations = (
				D140A4012A095454009997D4 /* Debug */,
				D140A4022A095454009997D4 /* Release */,
			);
			defaultConfigurationIsVisible = 0;
			defaultConfigurationName = Release;
		};
/* End XCConfigurationList section */

/* Begin XCRemoteSwiftPackageReference section */
		D10831CF2A0B89C6004E3BAF /* XCRemoteSwiftPackageReference "firebase-ios-sdk" */ = {
			isa = XCRemoteSwiftPackageReference;
			repositoryURL = "https://github.com/firebase/firebase-ios-sdk";
			requirement = {
				kind = upToNextMajorVersion;
				minimumVersion = 9.0.0;
			};
		};
/* End XCRemoteSwiftPackageReference section */

/* Begin XCSwiftPackageProductDependency section */
		D10831D02A0B89C6004E3BAF /* FirebaseAuth */ = {
			isa = XCSwiftPackageProductDependency;
			package = D10831CF2A0B89C6004E3BAF /* XCRemoteSwiftPackageReference "firebase-ios-sdk" */;
			productName = FirebaseAuth;
		};
		D10831D22A0B89C6004E3BAF /* FirebaseAuthCombine-Community */ = {
			isa = XCSwiftPackageProductDependency;
			package = D10831CF2A0B89C6004E3BAF /* XCRemoteSwiftPackageReference "firebase-ios-sdk" */;
			productName = "FirebaseAuthCombine-Community";
		};
		D10831D42A0B89C6004E3BAF /* FirebaseCrashlytics */ = {
			isa = XCSwiftPackageProductDependency;
			package = D10831CF2A0B89C6004E3BAF /* XCRemoteSwiftPackageReference "firebase-ios-sdk" */;
			productName = FirebaseCrashlytics;
		};
		D10831D62A0B89C6004E3BAF /* FirebaseDatabase */ = {
			isa = XCSwiftPackageProductDependency;
			package = D10831CF2A0B89C6004E3BAF /* XCRemoteSwiftPackageReference "firebase-ios-sdk" */;
			productName = FirebaseDatabase;
		};
		D10831D82A0B89C6004E3BAF /* FirebaseDatabaseSwift */ = {
			isa = XCSwiftPackageProductDependency;
			package = D10831CF2A0B89C6004E3BAF /* XCRemoteSwiftPackageReference "firebase-ios-sdk" */;
			productName = FirebaseDatabaseSwift;
		};
		D10831DA2A0B89C7004E3BAF /* FirebaseDynamicLinks */ = {
			isa = XCSwiftPackageProductDependency;
			package = D10831CF2A0B89C6004E3BAF /* XCRemoteSwiftPackageReference "firebase-ios-sdk" */;
			productName = FirebaseDynamicLinks;
		};
		D10831DC2A0B89C7004E3BAF /* FirebaseFirestore */ = {
			isa = XCSwiftPackageProductDependency;
			package = D10831CF2A0B89C6004E3BAF /* XCRemoteSwiftPackageReference "firebase-ios-sdk" */;
			productName = FirebaseFirestore;
		};
		D10831DE2A0B89C7004E3BAF /* FirebaseFirestoreCombine-Community */ = {
			isa = XCSwiftPackageProductDependency;
			package = D10831CF2A0B89C6004E3BAF /* XCRemoteSwiftPackageReference "firebase-ios-sdk" */;
			productName = "FirebaseFirestoreCombine-Community";
		};
		D10831E02A0B89C7004E3BAF /* FirebaseFirestoreSwift */ = {
			isa = XCSwiftPackageProductDependency;
			package = D10831CF2A0B89C6004E3BAF /* XCRemoteSwiftPackageReference "firebase-ios-sdk" */;
			productName = FirebaseFirestoreSwift;
		};
		D10831E22A0B89C7004E3BAF /* FirebaseFunctions */ = {
			isa = XCSwiftPackageProductDependency;
			package = D10831CF2A0B89C6004E3BAF /* XCRemoteSwiftPackageReference "firebase-ios-sdk" */;
			productName = FirebaseFunctions;
		};
		D10831E42A0B89C7004E3BAF /* FirebaseFunctionsCombine-Community */ = {
			isa = XCSwiftPackageProductDependency;
			package = D10831CF2A0B89C6004E3BAF /* XCRemoteSwiftPackageReference "firebase-ios-sdk" */;
			productName = "FirebaseFunctionsCombine-Community";
		};
		D10831E62A0B89C7004E3BAF /* FirebaseInAppMessaging-Beta */ = {
			isa = XCSwiftPackageProductDependency;
			package = D10831CF2A0B89C6004E3BAF /* XCRemoteSwiftPackageReference "firebase-ios-sdk" */;
			productName = "FirebaseInAppMessaging-Beta";
		};
		D10831E82A0B89C7004E3BAF /* FirebaseInAppMessagingSwift-Beta */ = {
			isa = XCSwiftPackageProductDependency;
			package = D10831CF2A0B89C6004E3BAF /* XCRemoteSwiftPackageReference "firebase-ios-sdk" */;
			productName = "FirebaseInAppMessagingSwift-Beta";
		};
		D10831EA2A0B89C7004E3BAF /* FirebaseInstallations */ = {
			isa = XCSwiftPackageProductDependency;
			package = D10831CF2A0B89C6004E3BAF /* XCRemoteSwiftPackageReference "firebase-ios-sdk" */;
			productName = FirebaseInstallations;
		};
		D10831EC2A0B89C7004E3BAF /* FirebaseMessaging */ = {
			isa = XCSwiftPackageProductDependency;
			package = D10831CF2A0B89C6004E3BAF /* XCRemoteSwiftPackageReference "firebase-ios-sdk" */;
			productName = FirebaseMessaging;
		};
		D10831EE2A0B89C7004E3BAF /* FirebasePerformance */ = {
			isa = XCSwiftPackageProductDependency;
			package = D10831CF2A0B89C6004E3BAF /* XCRemoteSwiftPackageReference "firebase-ios-sdk" */;
			productName = FirebasePerformance;
		};
		D10831F02A0B89C7004E3BAF /* FirebaseRemoteConfig */ = {
			isa = XCSwiftPackageProductDependency;
			package = D10831CF2A0B89C6004E3BAF /* XCRemoteSwiftPackageReference "firebase-ios-sdk" */;
			productName = FirebaseRemoteConfig;
		};
		D10831F22A0B89C7004E3BAF /* FirebaseRemoteConfigSwift */ = {
			isa = XCSwiftPackageProductDependency;
			package = D10831CF2A0B89C6004E3BAF /* XCRemoteSwiftPackageReference "firebase-ios-sdk" */;
			productName = FirebaseRemoteConfigSwift;
		};
		D10831F42A0B89C7004E3BAF /* FirebaseStorage */ = {
			isa = XCSwiftPackageProductDependency;
			package = D10831CF2A0B89C6004E3BAF /* XCRemoteSwiftPackageReference "firebase-ios-sdk" */;
			productName = FirebaseStorage;
		};
/* End XCSwiftPackageProductDependency section */
	};
	rootObject = D140A3EA2A095451009997D4 /* Project object */;
}
